// !$*UTF8*$!
{
	archiveVersion = 1;
	classes = {
	};
	objectVersion = 46;
	objects = {

/* Begin PBXBuildFile section */
		2F0148F71C7F130EC8368850 /* libPods.a in Frameworks */ = {isa = PBXBuildFile; fileRef = 7D1151F8AF1AB5F768DCD75B /* libPods.a */; };
		CC3C01671A7BABF10071FAEF /* MapKit.framework in Frameworks */ = {isa = PBXBuildFile; fileRef = CC3C01661A7BABF10071FAEF /* MapKit.framework */; };
		CCE948081A7647C200F915CA /* AppDelegate.swift in Sources */ = {isa = PBXBuildFile; fileRef = CCE948071A7647C200F915CA /* AppDelegate.swift */; };
		CCE9480A1A7647C200F915CA /* StartViewController.swift in Sources */ = {isa = PBXBuildFile; fileRef = CCE948091A7647C200F915CA /* StartViewController.swift */; };
		CCE9480D1A7647C200F915CA /* Main.storyboard in Resources */ = {isa = PBXBuildFile; fileRef = CCE9480B1A7647C200F915CA /* Main.storyboard */; };
		CCE9480F1A7647C200F915CA /* Images.xcassets in Resources */ = {isa = PBXBuildFile; fileRef = CCE9480E1A7647C200F915CA /* Images.xcassets */; };
		CCE948121A7647C200F915CA /* LaunchScreen.xib in Resources */ = {isa = PBXBuildFile; fileRef = CCE948101A7647C200F915CA /* LaunchScreen.xib */; };
		CCE9481E1A7647C200F915CA /* The_PursuitTests.swift in Sources */ = {isa = PBXBuildFile; fileRef = CCE9481D1A7647C200F915CA /* The_PursuitTests.swift */; };
/* End PBXBuildFile section */

/* Begin PBXContainerItemProxy section */
		CCE948181A7647C200F915CA /* PBXContainerItemProxy */ = {
			isa = PBXContainerItemProxy;
			containerPortal = CCE947FA1A7647C200F915CA /* Project object */;
			proxyType = 1;
			remoteGlobalIDString = CCE948011A7647C200F915CA;
			remoteInfo = "The Pursuit";
		};
/* End PBXContainerItemProxy section */

/* Begin PBXFileReference section */
		7D1151F8AF1AB5F768DCD75B /* libPods.a */ = {isa = PBXFileReference; explicitFileType = archive.ar; includeInIndex = 0; path = libPods.a; sourceTree = BUILT_PRODUCTS_DIR; };
		BBACD4A86DD6B5436C679BF5 /* Pods.debug.xcconfig */ = {isa = PBXFileReference; includeInIndex = 1; lastKnownFileType = text.xcconfig; name = Pods.debug.xcconfig; path = "Pods/Target Support Files/Pods/Pods.debug.xcconfig"; sourceTree = "<group>"; };
		CC3C01661A7BABF10071FAEF /* MapKit.framework */ = {isa = PBXFileReference; lastKnownFileType = wrapper.framework; name = MapKit.framework; path = System/Library/Frameworks/MapKit.framework; sourceTree = SDKROOT; };
		CCE948021A7647C200F915CA /* The Pursuit.app */ = {isa = PBXFileReference; explicitFileType = wrapper.application; includeInIndex = 0; path = "The Pursuit.app"; sourceTree = BUILT_PRODUCTS_DIR; };
		CCE948061A7647C200F915CA /* Info.plist */ = {isa = PBXFileReference; lastKnownFileType = text.plist.xml; path = Info.plist; sourceTree = "<group>"; };
		CCE948071A7647C200F915CA /* AppDelegate.swift */ = {isa = PBXFileReference; lastKnownFileType = sourcecode.swift; path = AppDelegate.swift; sourceTree = "<group>"; };
		CCE948091A7647C200F915CA /* StartViewController.swift */ = {isa = PBXFileReference; lastKnownFileType = sourcecode.swift; path = StartViewController.swift; sourceTree = "<group>"; };
		CCE9480C1A7647C200F915CA /* Base */ = {isa = PBXFileReference; lastKnownFileType = file.storyboard; name = Base; path = Base.lproj/Main.storyboard; sourceTree = "<group>"; };
		CCE9480E1A7647C200F915CA /* Images.xcassets */ = {isa = PBXFileReference; lastKnownFileType = folder.assetcatalog; path = Images.xcassets; sourceTree = "<group>"; };
		CCE948111A7647C200F915CA /* Base */ = {isa = PBXFileReference; lastKnownFileType = file.xib; name = Base; path = Base.lproj/LaunchScreen.xib; sourceTree = "<group>"; };
		CCE948171A7647C200F915CA /* The PursuitTests.xctest */ = {isa = PBXFileReference; explicitFileType = wrapper.cfbundle; includeInIndex = 0; path = "The PursuitTests.xctest"; sourceTree = BUILT_PRODUCTS_DIR; };
		CCE9481C1A7647C200F915CA /* Info.plist */ = {isa = PBXFileReference; lastKnownFileType = text.plist.xml; path = Info.plist; sourceTree = "<group>"; };
		CCE9481D1A7647C200F915CA /* The_PursuitTests.swift */ = {isa = PBXFileReference; lastKnownFileType = sourcecode.swift; path = The_PursuitTests.swift; sourceTree = "<group>"; };
		E0F42CA2B485BC9B334C1782 /* Pods.release.xcconfig */ = {isa = PBXFileReference; includeInIndex = 1; lastKnownFileType = text.xcconfig; name = Pods.release.xcconfig; path = "Pods/Target Support Files/Pods/Pods.release.xcconfig"; sourceTree = "<group>"; };
/* End PBXFileReference section */

/* Begin PBXFrameworksBuildPhase section */
		CCE947FF1A7647C200F915CA /* Frameworks */ = {
			isa = PBXFrameworksBuildPhase;
			buildActionMask = 2147483647;
			files = (
				CC3C01671A7BABF10071FAEF /* MapKit.framework in Frameworks */,
				2F0148F71C7F130EC8368850 /* libPods.a in Frameworks */,
			);
			runOnlyForDeploymentPostprocessing = 0;
		};
		CCE948141A7647C200F915CA /* Frameworks */ = {
			isa = PBXFrameworksBuildPhase;
			buildActionMask = 2147483647;
			files = (
			);
			runOnlyForDeploymentPostprocessing = 0;
		};
/* End PBXFrameworksBuildPhase section */

/* Begin PBXGroup section */
		71BF135A029C047E7FC5D2E4 /* Pods */ = {
			isa = PBXGroup;
			children = (
				BBACD4A86DD6B5436C679BF5 /* Pods.debug.xcconfig */,
				E0F42CA2B485BC9B334C1782 /* Pods.release.xcconfig */,
			);
			name = Pods;
			sourceTree = "<group>";
		};
		CCE947F91A7647C200F915CA = {
			isa = PBXGroup;
			children = (
				CCE948041A7647C200F915CA /* The Pursuit */,
				CCE9481A1A7647C200F915CA /* The PursuitTests */,
				CCE948031A7647C200F915CA /* Products */,
				71BF135A029C047E7FC5D2E4 /* Pods */,
				F165D5AFDB21F3C213E337B5 /* Frameworks */,
			);
			sourceTree = "<group>";
		};
		CCE948031A7647C200F915CA /* Products */ = {
			isa = PBXGroup;
			children = (
				CCE948021A7647C200F915CA /* The Pursuit.app */,
				CCE948171A7647C200F915CA /* The PursuitTests.xctest */,
			);
			name = Products;
			sourceTree = "<group>";
		};
		CCE948041A7647C200F915CA /* The Pursuit */ = {
			isa = PBXGroup;
			children = (
				CCE948071A7647C200F915CA /* AppDelegate.swift */,
				CCE948091A7647C200F915CA /* StartViewController.swift */,
				CCE9480B1A7647C200F915CA /* Main.storyboard */,
				CCE9480E1A7647C200F915CA /* Images.xcassets */,
				CCE948101A7647C200F915CA /* LaunchScreen.xib */,
				CCE948051A7647C200F915CA /* Supporting Files */,
			);
			path = "The Pursuit";
			sourceTree = "<group>";
		};
		CCE948051A7647C200F915CA /* Supporting Files */ = {
			isa = PBXGroup;
			children = (
				CCE948061A7647C200F915CA /* Info.plist */,
			);
			name = "Supporting Files";
			sourceTree = "<group>";
		};
		CCE9481A1A7647C200F915CA /* The PursuitTests */ = {
			isa = PBXGroup;
			children = (
				CCE9481D1A7647C200F915CA /* The_PursuitTests.swift */,
				CCE9481B1A7647C200F915CA /* Supporting Files */,
			);
			path = "The PursuitTests";
			sourceTree = "<group>";
		};
		CCE9481B1A7647C200F915CA /* Supporting Files */ = {
			isa = PBXGroup;
			children = (
				CCE9481C1A7647C200F915CA /* Info.plist */,
			);
			name = "Supporting Files";
			sourceTree = "<group>";
		};
		F165D5AFDB21F3C213E337B5 /* Frameworks */ = {
			isa = PBXGroup;
			children = (
				CC3C01661A7BABF10071FAEF /* MapKit.framework */,
				7D1151F8AF1AB5F768DCD75B /* libPods.a */,
			);
			name = Frameworks;
			sourceTree = "<group>";
		};
/* End PBXGroup section */

/* Begin PBXNativeTarget section */
		CCE948011A7647C200F915CA /* The Pursuit */ = {
			isa = PBXNativeTarget;
			buildConfigurationList = CCE948211A7647C200F915CA /* Build configuration list for PBXNativeTarget "The Pursuit" */;
			buildPhases = (
				68C3D49CBFFD1EFEFBC8E5D1 /* Check Pods Manifest.lock */,
				CCE947FE1A7647C200F915CA /* Sources */,
				CCE947FF1A7647C200F915CA /* Frameworks */,
				CCE948001A7647C200F915CA /* Resources */,
				BC405B74C6F5939D8C34DED4 /* Copy Pods Resources */,
			);
			buildRules = (
			);
			dependencies = (
			);
			name = "The Pursuit";
			productName = "The Pursuit";
			productReference = CCE948021A7647C200F915CA /* The Pursuit.app */;
			productType = "com.apple.product-type.application";
		};
		CCE948161A7647C200F915CA /* The PursuitTests */ = {
			isa = PBXNativeTarget;
			buildConfigurationList = CCE948241A7647C200F915CA /* Build configuration list for PBXNativeTarget "The PursuitTests" */;
			buildPhases = (
				CCE948131A7647C200F915CA /* Sources */,
				CCE948141A7647C200F915CA /* Frameworks */,
				CCE948151A7647C200F915CA /* Resources */,
			);
			buildRules = (
			);
			dependencies = (
				CCE948191A7647C200F915CA /* PBXTargetDependency */,
			);
			name = "The PursuitTests";
			productName = "The PursuitTests";
			productReference = CCE948171A7647C200F915CA /* The PursuitTests.xctest */;
			productType = "com.apple.product-type.bundle.unit-test";
		};
/* End PBXNativeTarget section */

/* Begin PBXProject section */
		CCE947FA1A7647C200F915CA /* Project object */ = {
			isa = PBXProject;
			attributes = {
				LastUpgradeCheck = 0610;
				ORGANIZATIONNAME = "Cenny Davidsson";
				TargetAttributes = {
					CCE948011A7647C200F915CA = {
						CreatedOnToolsVersion = 6.1.1;
						DevelopmentTeam = 4BJ69CG5TM;
						SystemCapabilities = {
							com.apple.Maps.iOS = {
								enabled = 1;
							};
						};
					};
					CCE948161A7647C200F915CA = {
						CreatedOnToolsVersion = 6.1.1;
						TestTargetID = CCE948011A7647C200F915CA;
					};
				};
			};
			buildConfigurationList = CCE947FD1A7647C200F915CA /* Build configuration list for PBXProject "The Pursuit" */;
			compatibilityVersion = "Xcode 3.2";
			developmentRegion = English;
			hasScannedForEncodings = 0;
			knownRegions = (
				en,
				Base,
			);
			mainGroup = CCE947F91A7647C200F915CA;
			productRefGroup = CCE948031A7647C200F915CA /* Products */;
			projectDirPath = "";
			projectRoot = "";
			targets = (
				CCE948011A7647C200F915CA /* The Pursuit */,
				CCE948161A7647C200F915CA /* The PursuitTests */,
			);
		};
/* End PBXProject section */

/* Begin PBXResourcesBuildPhase section */
		CCE948001A7647C200F915CA /* Resources */ = {
			isa = PBXResourcesBuildPhase;
			buildActionMask = 2147483647;
			files = (
				CCE9480D1A7647C200F915CA /* Main.storyboard in Resources */,
				CCE948121A7647C200F915CA /* LaunchScreen.xib in Resources */,
				CCE9480F1A7647C200F915CA /* Images.xcassets in Resources */,
			);
			runOnlyForDeploymentPostprocessing = 0;
		};
		CCE948151A7647C200F915CA /* Resources */ = {
			isa = PBXResourcesBuildPhase;
			buildActionMask = 2147483647;
			files = (
			);
			runOnlyForDeploymentPostprocessing = 0;
		};
/* End PBXResourcesBuildPhase section */

/* Begin PBXShellScriptBuildPhase section */
		68C3D49CBFFD1EFEFBC8E5D1 /* Check Pods Manifest.lock */ = {
			isa = PBXShellScriptBuildPhase;
			buildActionMask = 2147483647;
			files = (
			);
			inputPaths = (
			);
			name = "Check Pods Manifest.lock";
			outputPaths = (
			);
			runOnlyForDeploymentPostprocessing = 0;
			shellPath = /bin/sh;
			shellScript = "diff \"${PODS_ROOT}/../Podfile.lock\" \"${PODS_ROOT}/Manifest.lock\" > /dev/null\nif [[ $? != 0 ]] ; then\n    cat << EOM\nerror: The sandbox is not in sync with the Podfile.lock. Run 'pod install' or update your CocoaPods installation.\nEOM\n    exit 1\nfi\n";
			showEnvVarsInLog = 0;
		};
		BC405B74C6F5939D8C34DED4 /* Copy Pods Resources */ = {
			isa = PBXShellScriptBuildPhase;
			buildActionMask = 2147483647;
			files = (
			);
			inputPaths = (
			);
			name = "Copy Pods Resources";
			outputPaths = (
			);
			runOnlyForDeploymentPostprocessing = 0;
			shellPath = /bin/sh;
			shellScript = "\"${SRCROOT}/Pods/Target Support Files/Pods/Pods-resources.sh\"\n";
			showEnvVarsInLog = 0;
		};
/* End PBXShellScriptBuildPhase section */

/* Begin PBXSourcesBuildPhase section */
		CCE947FE1A7647C200F915CA /* Sources */ = {
			isa = PBXSourcesBuildPhase;
			buildActionMask = 2147483647;
			files = (
				CCE9480A1A7647C200F915CA /* StartViewController.swift in Sources */,
				CCE948081A7647C200F915CA /* AppDelegate.swift in Sources */,
			);
			runOnlyForDeploymentPostprocessing = 0;
		};
		CCE948131A7647C200F915CA /* Sources */ = {
			isa = PBXSourcesBuildPhase;
			buildActionMask = 2147483647;
			files = (
				CCE9481E1A7647C200F915CA /* The_PursuitTests.swift in Sources */,
			);
			runOnlyForDeploymentPostprocessing = 0;
		};
/* End PBXSourcesBuildPhase section */

/* Begin PBXTargetDependency section */
		CCE948191A7647C200F915CA /* PBXTargetDependency */ = {
			isa = PBXTargetDependency;
			target = CCE948011A7647C200F915CA /* The Pursuit */;
			targetProxy = CCE948181A7647C200F915CA /* PBXContainerItemProxy */;
		};
/* End PBXTargetDependency section */

/* Begin PBXVariantGroup section */
		CCE9480B1A7647C200F915CA /* Main.storyboard */ = {
			isa = PBXVariantGroup;
			children = (
				CCE9480C1A7647C200F915CA /* Base */,
			);
			name = Main.storyboard;
			sourceTree = "<group>";
		};
		CCE948101A7647C200F915CA /* LaunchScreen.xib */ = {
			isa = PBXVariantGroup;
			children = (
				CCE948111A7647C200F915CA /* Base */,
			);
			name = LaunchScreen.xib;
			sourceTree = "<group>";
		};
/* End PBXVariantGroup section */

/* Begin XCBuildConfiguration section */
		CCE9481F1A7647C200F915CA /* Debug */ = {
			isa = XCBuildConfiguration;
			buildSettings = {
				ALWAYS_SEARCH_USER_PATHS = NO;
				CLANG_CXX_LANGUAGE_STANDARD = "gnu++0x";
				CLANG_CXX_LIBRARY = "libc++";
				CLANG_ENABLE_MODULES = YES;
				CLANG_ENABLE_OBJC_ARC = YES;
				CLANG_WARN_BOOL_CONVERSION = YES;
				CLANG_WARN_CONSTANT_CONVERSION = YES;
				CLANG_WARN_DIRECT_OBJC_ISA_USAGE = YES_ERROR;
				CLANG_WARN_EMPTY_BODY = YES;
				CLANG_WARN_ENUM_CONVERSION = YES;
				CLANG_WARN_INT_CONVERSION = YES;
				CLANG_WARN_OBJC_ROOT_CLASS = YES_ERROR;
				CLANG_WARN_UNREACHABLE_CODE = YES;
				CLANG_WARN__DUPLICATE_METHOD_MATCH = YES;
				"CODE_SIGN_IDENTITY[sdk=iphoneos*]" = "iPhone Developer";
				COPY_PHASE_STRIP = NO;
				ENABLE_STRICT_OBJC_MSGSEND = YES;
				GCC_C_LANGUAGE_STANDARD = gnu99;
				GCC_DYNAMIC_NO_PIC = NO;
				GCC_OPTIMIZATION_LEVEL = 0;
				GCC_PREPROCESSOR_DEFINITIONS = (
					"DEBUG=1",
					"$(inherited)",
				);
				GCC_SYMBOLS_PRIVATE_EXTERN = NO;
				GCC_WARN_64_TO_32_BIT_CONVERSION = YES;
				GCC_WARN_ABOUT_RETURN_TYPE = YES_ERROR;
				GCC_WARN_UNDECLARED_SELECTOR = YES;
				GCC_WARN_UNINITIALIZED_AUTOS = YES_AGGRESSIVE;
				GCC_WARN_UNUSED_FUNCTION = YES;
				GCC_WARN_UNUSED_VARIABLE = YES;
				IPHONEOS_DEPLOYMENT_TARGET = 8.1;
				MTL_ENABLE_DEBUG_INFO = YES;
				ONLY_ACTIVE_ARCH = YES;
				SDKROOT = iphoneos;
				SWIFT_OPTIMIZATION_LEVEL = "-Onone";
			};
			name = Debug;
		};
		CCE948201A7647C200F915CA /* Release */ = {
			isa = XCBuildConfiguration;
			buildSettings = {
				ALWAYS_SEARCH_USER_PATHS = NO;
				CLANG_CXX_LANGUAGE_STANDARD = "gnu++0x";
				CLANG_CXX_LIBRARY = "libc++";
				CLANG_ENABLE_MODULES = YES;
				CLANG_ENABLE_OBJC_ARC = YES;
				CLANG_WARN_BOOL_CONVERSION = YES;
				CLANG_WARN_CONSTANT_CONVERSION = YES;
				CLANG_WARN_DIRECT_OBJC_ISA_USAGE = YES_ERROR;
				CLANG_WARN_EMPTY_BODY = YES;
				CLANG_WARN_ENUM_CONVERSION = YES;
				CLANG_WARN_INT_CONVERSION = YES;
				CLANG_WARN_OBJC_ROOT_CLASS = YES_ERROR;
				CLANG_WARN_UNREACHABLE_CODE = YES;
				CLANG_WARN__DUPLICATE_METHOD_MATCH = YES;
				"CODE_SIGN_IDENTITY[sdk=iphoneos*]" = "iPhone Developer";
				COPY_PHASE_STRIP = YES;
				ENABLE_NS_ASSERTIONS = NO;
				ENABLE_STRICT_OBJC_MSGSEND = YES;
				GCC_C_LANGUAGE_STANDARD = gnu99;
				GCC_WARN_64_TO_32_BIT_CONVERSION = YES;
				GCC_WARN_ABOUT_RETURN_TYPE = YES_ERROR;
				GCC_WARN_UNDECLARED_SELECTOR = YES;
				GCC_WARN_UNINITIALIZED_AUTOS = YES_AGGRESSIVE;
				GCC_WARN_UNUSED_FUNCTION = YES;
				GCC_WARN_UNUSED_VARIABLE = YES;
				IPHONEOS_DEPLOYMENT_TARGET = 8.1;
				MTL_ENABLE_DEBUG_INFO = NO;
				SDKROOT = iphoneos;
				VALIDATE_PRODUCT = YES;
			};
			name = Release;
		};
		CCE948221A7647C200F915CA /* Debug */ = {
			isa = XCBuildConfiguration;
			baseConfigurationReference = BBACD4A86DD6B5436C679BF5 /* Pods.debug.xcconfig */;
			buildSettings = {
				ASSETCATALOG_COMPILER_APPICON_NAME = AppIcon;
				CODE_SIGN_IDENTITY = "iPhone Developer";
				"CODE_SIGN_IDENTITY[sdk=iphoneos*]" = "iPhone Developer";
				INFOPLIST_FILE = "The Pursuit/Info.plist";
				LD_RUNPATH_SEARCH_PATHS = "$(inherited) @executable_path/Frameworks";
				PRODUCT_NAME = "$(TARGET_NAME)";
				PROVISIONING_PROFILE = "";
			};
			name = Debug;
		};
		CCE948231A7647C200F915CA /* Release */ = {
			isa = XCBuildConfiguration;
			baseConfigurationReference = E0F42CA2B485BC9B334C1782 /* Pods.release.xcconfig */;
			buildSettings = {
				ASSETCATALOG_COMPILER_APPICON_NAME = AppIcon;
				CODE_SIGN_IDENTITY = "iPhone Developer";
				"CODE_SIGN_IDENTITY[sdk=iphoneos*]" = "iPhone Developer";
				INFOPLIST_FILE = "The Pursuit/Info.plist";
				LD_RUNPATH_SEARCH_PATHS = "$(inherited) @executable_path/Frameworks";
				PRODUCT_NAME = "$(TARGET_NAME)";
				PROVISIONING_PROFILE = "";
			};
			name = Release;
		};
		CCE948251A7647C200F915CA /* Debug */ = {
			isa = XCBuildConfiguration;
			buildSettings = {
				BUNDLE_LOADER = "$(TEST_HOST)";
				FRAMEWORK_SEARCH_PATHS = (
					"$(SDKROOT)/Developer/Library/Frameworks",
					"$(inherited)",
				);
				GCC_PREPROCESSOR_DEFINITIONS = (
					"DEBUG=1",
					"$(inherited)",
				);
				INFOPLIST_FILE = "The PursuitTests/Info.plist";
				LD_RUNPATH_SEARCH_PATHS = "$(inherited) @executable_path/Frameworks @loader_path/Frameworks";
				PRODUCT_NAME = "$(TARGET_NAME)";
				TEST_HOST = "$(BUILT_PRODUCTS_DIR)/The Pursuit.app/The Pursuit";
			};
			name = Debug;
		};
		CCE948261A7647C200F915CA /* Release */ = {
			isa = XCBuildConfiguration;
			buildSettings = {
				BUNDLE_LOADER = "$(TEST_HOST)";
				FRAMEWORK_SEARCH_PATHS = (
					"$(SDKROOT)/Developer/Library/Frameworks",
					"$(inherited)",
				);
				INFOPLIST_FILE = "The PursuitTests/Info.plist";
				LD_RUNPATH_SEARCH_PATHS = "$(inherited) @executable_path/Frameworks @loader_path/Frameworks";
				PRODUCT_NAME = "$(TARGET_NAME)";
				TEST_HOST = "$(BUILT_PRODUCTS_DIR)/The Pursuit.app/The Pursuit";
			};
			name = Release;
		};
/* End XCBuildConfiguration section */

/* Begin XCConfigurationList section */
		CCE947FD1A7647C200F915CA /* Build configuration list for PBXProject "The Pursuit" */ = {
			isa = XCConfigurationList;
			buildConfigurations = (
				CCE9481F1A7647C200F915CA /* Debug */,
				CCE948201A7647C200F915CA /* Release */,
			);
			defaultConfigurationIsVisible = 0;
			defaultConfigurationName = Release;
		};
		CCE948211A7647C200F915CA /* Build configuration list for PBXNativeTarget "The Pursuit" */ = {
			isa = XCConfigurationList;
			buildConfigurations = (
				CCE948221A7647C200F915CA /* Debug */,
				CCE948231A7647C200F915CA /* Release */,
			);
			defaultConfigurationIsVisible = 0;
			defaultConfigurationName = Release;
		};
		CCE948241A7647C200F915CA /* Build configuration list for PBXNativeTarget "The PursuitTests" */ = {
			isa = XCConfigurationList;
			buildConfigurations = (
				CCE948251A7647C200F915CA /* Debug */,
				CCE948261A7647C200F915CA /* Release */,
			);
			defaultConfigurationIsVisible = 0;
			defaultConfigurationName = Release;
		};
/* End XCConfigurationList section */
	};
	rootObject = CCE947FA1A7647C200F915CA /* Project object */;
}
